
Microsoft Visual Studio Solution File, Format Version 12.00
# Visual Studio Version 16
VisualStudioVersion = 16.0.29326.143
MinimumVisualStudioVersion = 10.0.40219.1
Project("{8BC9CEB8-8B4A-11D0-8D11-00A0C91BC942}") = "12th_task", "12th_task\12th_task.vcxproj", "{AE35DB52-8774-45C8-BA33-116C4489A7CE}"
EndProject
Global
	GlobalSection(SolutionConfigurationPlatforms) = preSolution
		Debug|x64 = Debug|x64
		Debug|x86 = Debug|x86
		Release|x64 = Release|x64
		Release|x86 = Release|x86
	EndGlobalSection
	GlobalSection(ProjectConfigurationPlatforms) = postSolution
		{AE35DB52-8774-45C8-BA33-116C4489A7CE}.Debug|x64.ActiveCfg = Debug|x64
		{AE35DB52-8774-45C8-BA33-116C4489A7CE}.Debug|x64.Build.0 = Debug|x64
		{AE35DB52-8774-45C8-BA33-116C4489A7CE}.Debug|x86.ActiveCfg = Debug|Win32
		{AE35DB52-8774-45C8-BA33-116C4489A7CE}.Debug|x86.Build.0 = Debug|Win32
		{AE35DB52-8774-45C8-BA33-116C4489A7CE}.Release|x64.ActiveCfg = Release|x64
		{AE35DB52-8774-45C8-BA33-116C4489A7CE}.Release|x64.Build.0 = Release|x64
		{AE35DB52-8774-45C8-BA33-116C4489A7CE}.Release|x86.ActiveCfg = Release|Win32
		{AE35DB52-8774-45C8-BA33-116C4489A7CE}.Release|x86.Build.0 = Release|Win32
	EndGlobalSection
	GlobalSection(SolutionProperties) = preSolution
		HideSolutionNode = FALSE
	EndGlobalSection
	GlobalSection(ExtensibilityGlobals) = postSolution
		SolutionGuid = {D6F8F37D-918E-4DCB-B542-AF54B639B4E2}
	EndGlobalSection
EndGlobal
